
Microsoft Visual Studio Solution File, Format Version 12.00
# Visual Studio 14
VisualStudioVersion = 14.0.25420.1
MinimumVisualStudioVersion = 10.0.40219.1
Project("{FAE04EC0-301F-11D3-BF4B-00C04F79EFBC}") = "WebAppliWSTEST", "WebAppliWSTEST\WebAppliWSTEST.csproj", "{1C085230-641D-4EA1-931E-6FBB8B144766}"
EndProject
Project("{FAE04EC0-301F-11D3-BF4B-00C04F79EFBC}") = "WebAppliWSTEST.Tests", "WebAppliWSTEST.Tests\WebAppliWSTEST.Tests.csproj", "{B3295F3B-4558-45A4-9E5C-0E85DAA8C558}"
	ProjectSection(ProjectDependencies) = postProject
		{1C085230-641D-4EA1-931E-6FBB8B144766} = {1C085230-641D-4EA1-931E-6FBB8B144766}
	EndProjectSection
EndProject
Global
	GlobalSection(SolutionConfigurationPlatforms) = preSolution
		Debug|Any CPU = Debug|Any CPU
		Release|Any CPU = Release|Any CPU
	EndGlobalSection
	GlobalSection(ProjectConfigurationPlatforms) = postSolution
		{1C085230-641D-4EA1-931E-6FBB8B144766}.Debug|Any CPU.ActiveCfg = Debug|Any CPU
		{1C085230-641D-4EA1-931E-6FBB8B144766}.Debug|Any CPU.Build.0 = Debug|Any CPU
		{1C085230-641D-4EA1-931E-6FBB8B144766}.Release|Any CPU.ActiveCfg = Release|Any CPU
		{1C085230-641D-4EA1-931E-6FBB8B144766}.Release|Any CPU.Build.0 = Release|Any CPU
		{B3295F3B-4558-45A4-9E5C-0E85DAA8C558}.Debug|Any CPU.ActiveCfg = Debug|Any CPU
		{B3295F3B-4558-45A4-9E5C-0E85DAA8C558}.Debug|Any CPU.Build.0 = Debug|Any CPU
		{B3295F3B-4558-45A4-9E5C-0E85DAA8C558}.Release|Any CPU.ActiveCfg = Release|Any CPU
		{B3295F3B-4558-45A4-9E5C-0E85DAA8C558}.Release|Any CPU.Build.0 = Release|Any CPU
	EndGlobalSection
	GlobalSection(SolutionProperties) = preSolution
		HideSolutionNode = FALSE
	EndGlobalSection
EndGlobal
